
Microsoft Visual Studio Solution File, Format Version 12.00
# Visual Studio Version 16
VisualStudioVersion = 16.0.31727.386
MinimumVisualStudioVersion = 10.0.40219.1
Project("{FAE04EC0-301F-11D3-BF4B-00C04F79EFBC}") = "TechpoolUnleashed", "TechpoolUnleashed.csproj", "{813F7FEF-54EA-4D74-A536-74C2F8154306}"
EndProject
Global
	GlobalSection(SolutionConfigurationPlatforms) = preSolution
		Debug|x64 = Debug|x64
		Debug|x86 = Debug|x86
		Release|x64 = Release|x64
		Release|x86 = Release|x86
	EndGlobalSection
	GlobalSection(ProjectConfigurationPlatforms) = postSolution
		{813F7FEF-54EA-4D74-A536-74C2F8154306}.Debug|x64.ActiveCfg = Debug|x64
		{813F7FEF-54EA-4D74-A536-74C2F8154306}.Debug|x64.Build.0 = Debug|x64
		{813F7FEF-54EA-4D74-A536-74C2F8154306}.Debug|x86.ActiveCfg = Debug|x86
		{813F7FEF-54EA-4D74-A536-74C2F8154306}.Debug|x86.Build.0 = Debug|x86
		{813F7FEF-54EA-4D74-A536-74C2F8154306}.Release|x64.ActiveCfg = Release|x64
		{813F7FEF-54EA-4D74-A536-74C2F8154306}.Release|x64.Build.0 = Release|x64
		{813F7FEF-54EA-4D74-A536-74C2F8154306}.Release|x86.ActiveCfg = Release|x86
		{813F7FEF-54EA-4D74-A536-74C2F8154306}.Release|x86.Build.0 = Release|x86
	EndGlobalSection
	GlobalSection(SolutionProperties) = preSolution
		HideSolutionNode = FALSE
	EndGlobalSection
	GlobalSection(ExtensibilityGlobals) = postSolution
		SolutionGuid = {4192CB31-FC18-4394-B8C2-BDC83DCB2463}
	EndGlobalSection
EndGlobal
